// !$*UTF8*$!
{
	archiveVersion = 1;
	classes = {
	};
	objectVersion = 46;
	objects = {

/* Begin PBXBuildFile section */
		372183EB1A860C0E003DBFD4 /* FacebookSDK.framework in Frameworks */ = {isa = PBXBuildFile; fileRef = 372183EA1A860C0E003DBFD4 /* FacebookSDK.framework */; };
		372183ED1A860F38003DBFD4 /* Parse.framework in Frameworks */ = {isa = PBXBuildFile; fileRef = 372183EC1A860F38003DBFD4 /* Parse.framework */; };
		372183EF1A860F44003DBFD4 /* Bolts.framework in Frameworks */ = {isa = PBXBuildFile; fileRef = 372183EE1A860F44003DBFD4 /* Bolts.framework */; };
		372183FD1A860FF8003DBFD4 /* Accounts.framework in Frameworks */ = {isa = PBXBuildFile; fileRef = 372183F01A860FF8003DBFD4 /* Accounts.framework */; };
		372183FE1A860FF8003DBFD4 /* AudioToolbox.framework in Frameworks */ = {isa = PBXBuildFile; fileRef = 372183F11A860FF8003DBFD4 /* AudioToolbox.framework */; };
		372183FF1A860FF8003DBFD4 /* CFNetwork.framework in Frameworks */ = {isa = PBXBuildFile; fileRef = 372183F21A860FF8003DBFD4 /* CFNetwork.framework */; };
		372184001A860FF8003DBFD4 /* CoreGraphics.framework in Frameworks */ = {isa = PBXBuildFile; fileRef = 372183F31A860FF8003DBFD4 /* CoreGraphics.framework */; };
		372184011A860FF8003DBFD4 /* CoreLocation.framework in Frameworks */ = {isa = PBXBuildFile; fileRef = 372183F41A860FF8003DBFD4 /* CoreLocation.framework */; };
		372184021A860FF8003DBFD4 /* libsqlite3.dylib in Frameworks */ = {isa = PBXBuildFile; fileRef = 372183F51A860FF8003DBFD4 /* libsqlite3.dylib */; };
		372184031A860FF8003DBFD4 /* libz.dylib in Frameworks */ = {isa = PBXBuildFile; fileRef = 372183F61A860FF8003DBFD4 /* libz.dylib */; };
		372184041A860FF8003DBFD4 /* MobileCoreServices.framework in Frameworks */ = {isa = PBXBuildFile; fileRef = 372183F71A860FF8003DBFD4 /* MobileCoreServices.framework */; };
		372184051A860FF8003DBFD4 /* QuartzCore.framework in Frameworks */ = {isa = PBXBuildFile; fileRef = 372183F81A860FF8003DBFD4 /* QuartzCore.framework */; };
		372184061A860FF8003DBFD4 /* Security.framework in Frameworks */ = {isa = PBXBuildFile; fileRef = 372183F91A860FF8003DBFD4 /* Security.framework */; };
		372184071A860FF8003DBFD4 /* Social.framework in Frameworks */ = {isa = PBXBuildFile; fileRef = 372183FA1A860FF8003DBFD4 /* Social.framework */; };
		372184081A860FF8003DBFD4 /* StoreKit.framework in Frameworks */ = {isa = PBXBuildFile; fileRef = 372183FB1A860FF8003DBFD4 /* StoreKit.framework */; };
		372184091A860FF8003DBFD4 /* SystemConfiguration.framework in Frameworks */ = {isa = PBXBuildFile; fileRef = 372183FC1A860FF8003DBFD4 /* SystemConfiguration.framework */; };
		3721840D1A86916E003DBFD4 /* MyChainInboxTableViewController.m in Sources */ = {isa = PBXBuildFile; fileRef = 3721840C1A86916E003DBFD4 /* MyChainInboxTableViewController.m */; };
		372184101A869996003DBFD4 /* PhrasePreviewController.m in Sources */ = {isa = PBXBuildFile; fileRef = 3721840F1A869996003DBFD4 /* PhrasePreviewController.m */; };
		372184131A8699AC003DBFD4 /* PhotoPreviewController.m in Sources */ = {isa = PBXBuildFile; fileRef = 372184121A8699AC003DBFD4 /* PhotoPreviewController.m */; };
		37A677491A86018700893DFF /* main.m in Sources */ = {isa = PBXBuildFile; fileRef = 37A677481A86018700893DFF /* main.m */; };
		37A6774C1A86018700893DFF /* AppDelegate.m in Sources */ = {isa = PBXBuildFile; fileRef = 37A6774B1A86018700893DFF /* AppDelegate.m */; };
		37A6774F1A86018700893DFF /* PhotoPhrases.xcdatamodeld in Sources */ = {isa = PBXBuildFile; fileRef = 37A6774D1A86018700893DFF /* PhotoPhrases.xcdatamodeld */; };
		37A677521A86018700893DFF /* ViewController.m in Sources */ = {isa = PBXBuildFile; fileRef = 37A677511A86018700893DFF /* ViewController.m */; };
		37A677551A86018700893DFF /* Main.storyboard in Resources */ = {isa = PBXBuildFile; fileRef = 37A677531A86018700893DFF /* Main.storyboard */; };
		37A677571A86018700893DFF /* Images.xcassets in Resources */ = {isa = PBXBuildFile; fileRef = 37A677561A86018700893DFF /* Images.xcassets */; };
		37A6775A1A86018700893DFF /* LaunchScreen.xib in Resources */ = {isa = PBXBuildFile; fileRef = 37A677581A86018700893DFF /* LaunchScreen.xib */; };
		37A677661A86018700893DFF /* PhotoPhrasesTests.m in Sources */ = {isa = PBXBuildFile; fileRef = 37A677651A86018700893DFF /* PhotoPhrasesTests.m */; };
		37A677711A86027400893DFF /* WritePhraseViewController.m in Sources */ = {isa = PBXBuildFile; fileRef = 37A677701A86027400893DFF /* WritePhraseViewController.m */; };
		37EBB7481A86DE31009D3B36 /* AllChainsTableViewController.m in Sources */ = {isa = PBXBuildFile; fileRef = 37EBB7471A86DE31009D3B36 /* AllChainsTableViewController.m */; };
		37EBB74B1A86E394009D3B36 /* ChainDetailTableViewController.m in Sources */ = {isa = PBXBuildFile; fileRef = 37EBB74A1A86E394009D3B36 /* ChainDetailTableViewController.m */; };
		37EBB74E1A86E61D009D3B36 /* PhotoTableViewCell.m in Sources */ = {isa = PBXBuildFile; fileRef = 37EBB74D1A86E61D009D3B36 /* PhotoTableViewCell.m */; };
		37EBB7511A86F5A9009D3B36 /* F R A Z E.jpg in Resources */ = {isa = PBXBuildFile; fileRef = 37EBB74F1A86F5A9009D3B36 /* F R A Z E.jpg */; };
		37EBB7521A86F5A9009D3B36 /* F-R-A-Z-E_clear.png in Resources */ = {isa = PBXBuildFile; fileRef = 37EBB7501A86F5A9009D3B36 /* F-R-A-Z-E_clear.png */; };
		5D7E5F751A861F72001AF162 /* ParseFacebookUtils.framework in Frameworks */ = {isa = PBXBuildFile; fileRef = 5D7E5F741A861F72001AF162 /* ParseFacebookUtils.framework */; };
/* End PBXBuildFile section */

/* Begin PBXContainerItemProxy section */
		37A677601A86018700893DFF /* PBXContainerItemProxy */ = {
			isa = PBXContainerItemProxy;
			containerPortal = 37A6773B1A86018700893DFF /* Project object */;
			proxyType = 1;
			remoteGlobalIDString = 37A677421A86018700893DFF;
			remoteInfo = PhotoPhrases;
		};
/* End PBXContainerItemProxy section */

/* Begin PBXFileReference section */
		372183EA1A860C0E003DBFD4 /* FacebookSDK.framework */ = {isa = PBXFileReference; lastKnownFileType = wrapper.framework; name = FacebookSDK.framework; path = PhotoPhrases/FacebookSDK.framework; sourceTree = "<group>"; };
		372183EC1A860F38003DBFD4 /* Parse.framework */ = {isa = PBXFileReference; lastKnownFileType = wrapper.framework; name = Parse.framework; path = PhotoPhrases/Parse.framework; sourceTree = "<group>"; };
		372183EE1A860F44003DBFD4 /* Bolts.framework */ = {isa = PBXFileReference; lastKnownFileType = wrapper.framework; name = Bolts.framework; path = PhotoPhrases/Bolts.framework; sourceTree = "<group>"; };
		372183F01A860FF8003DBFD4 /* Accounts.framework */ = {isa = PBXFileReference; lastKnownFileType = wrapper.framework; name = Accounts.framework; path = System/Library/Frameworks/Accounts.framework; sourceTree = SDKROOT; };
		372183F11A860FF8003DBFD4 /* AudioToolbox.framework */ = {isa = PBXFileReference; lastKnownFileType = wrapper.framework; name = AudioToolbox.framework; path = System/Library/Frameworks/AudioToolbox.framework; sourceTree = SDKROOT; };
		372183F21A860FF8003DBFD4 /* CFNetwork.framework */ = {isa = PBXFileReference; lastKnownFileType = wrapper.framework; name = CFNetwork.framework; path = System/Library/Frameworks/CFNetwork.framework; sourceTree = SDKROOT; };
		372183F31A860FF8003DBFD4 /* CoreGraphics.framework */ = {isa = PBXFileReference; lastKnownFileType = wrapper.framework; name = CoreGraphics.framework; path = System/Library/Frameworks/CoreGraphics.framework; sourceTree = SDKROOT; };
		372183F41A860FF8003DBFD4 /* CoreLocation.framework */ = {isa = PBXFileReference; lastKnownFileType = wrapper.framework; name = CoreLocation.framework; path = System/Library/Frameworks/CoreLocation.framework; sourceTree = SDKROOT; };
		372183F51A860FF8003DBFD4 /* libsqlite3.dylib */ = {isa = PBXFileReference; lastKnownFileType = "compiled.mach-o.dylib"; name = libsqlite3.dylib; path = usr/lib/libsqlite3.dylib; sourceTree = SDKROOT; };
		372183F61A860FF8003DBFD4 /* libz.dylib */ = {isa = PBXFileReference; lastKnownFileType = "compiled.mach-o.dylib"; name = libz.dylib; path = usr/lib/libz.dylib; sourceTree = SDKROOT; };
		372183F71A860FF8003DBFD4 /* MobileCoreServices.framework */ = {isa = PBXFileReference; lastKnownFileType = wrapper.framework; name = MobileCoreServices.framework; path = System/Library/Frameworks/MobileCoreServices.framework; sourceTree = SDKROOT; };
		372183F81A860FF8003DBFD4 /* QuartzCore.framework */ = {isa = PBXFileReference; lastKnownFileType = wrapper.framework; name = QuartzCore.framework; path = System/Library/Frameworks/QuartzCore.framework; sourceTree = SDKROOT; };
		372183F91A860FF8003DBFD4 /* Security.framework */ = {isa = PBXFileReference; lastKnownFileType = wrapper.framework; name = Security.framework; path = System/Library/Frameworks/Security.framework; sourceTree = SDKROOT; };
		372183FA1A860FF8003DBFD4 /* Social.framework */ = {isa = PBXFileReference; lastKnownFileType = wrapper.framework; name = Social.framework; path = System/Library/Frameworks/Social.framework; sourceTree = SDKROOT; };
		372183FB1A860FF8003DBFD4 /* StoreKit.framework */ = {isa = PBXFileReference; lastKnownFileType = wrapper.framework; name = StoreKit.framework; path = System/Library/Frameworks/StoreKit.framework; sourceTree = SDKROOT; };
		372183FC1A860FF8003DBFD4 /* SystemConfiguration.framework */ = {isa = PBXFileReference; lastKnownFileType = wrapper.framework; name = SystemConfiguration.framework; path = System/Library/Frameworks/SystemConfiguration.framework; sourceTree = SDKROOT; };
		3721840B1A86916E003DBFD4 /* MyChainInboxTableViewController.h */ = {isa = PBXFileReference; fileEncoding = 4; lastKnownFileType = sourcecode.c.h; path = MyChainInboxTableViewController.h; sourceTree = "<group>"; };
		3721840C1A86916E003DBFD4 /* MyChainInboxTableViewController.m */ = {isa = PBXFileReference; fileEncoding = 4; lastKnownFileType = sourcecode.c.objc; path = MyChainInboxTableViewController.m; sourceTree = "<group>"; };
		3721840E1A869996003DBFD4 /* PhrasePreviewController.h */ = {isa = PBXFileReference; fileEncoding = 4; lastKnownFileType = sourcecode.c.h; path = PhrasePreviewController.h; sourceTree = "<group>"; };
		3721840F1A869996003DBFD4 /* PhrasePreviewController.m */ = {isa = PBXFileReference; fileEncoding = 4; lastKnownFileType = sourcecode.c.objc; path = PhrasePreviewController.m; sourceTree = "<group>"; };
		372184111A8699AC003DBFD4 /* PhotoPreviewController.h */ = {isa = PBXFileReference; fileEncoding = 4; lastKnownFileType = sourcecode.c.h; path = PhotoPreviewController.h; sourceTree = "<group>"; };
		372184121A8699AC003DBFD4 /* PhotoPreviewController.m */ = {isa = PBXFileReference; fileEncoding = 4; lastKnownFileType = sourcecode.c.objc; path = PhotoPreviewController.m; sourceTree = "<group>"; };
		37A677431A86018700893DFF /* PhotoPhrases.app */ = {isa = PBXFileReference; explicitFileType = wrapper.application; includeInIndex = 0; path = PhotoPhrases.app; sourceTree = BUILT_PRODUCTS_DIR; };
		37A677471A86018700893DFF /* Info.plist */ = {isa = PBXFileReference; lastKnownFileType = text.plist.xml; path = Info.plist; sourceTree = "<group>"; };
		37A677481A86018700893DFF /* main.m */ = {isa = PBXFileReference; lastKnownFileType = sourcecode.c.objc; path = main.m; sourceTree = "<group>"; };
		37A6774A1A86018700893DFF /* AppDelegate.h */ = {isa = PBXFileReference; lastKnownFileType = sourcecode.c.h; path = AppDelegate.h; sourceTree = "<group>"; };
		37A6774B1A86018700893DFF /* AppDelegate.m */ = {isa = PBXFileReference; lastKnownFileType = sourcecode.c.objc; path = AppDelegate.m; sourceTree = "<group>"; };
		37A6774E1A86018700893DFF /* PhotoPhrases.xcdatamodel */ = {isa = PBXFileReference; lastKnownFileType = wrapper.xcdatamodel; path = PhotoPhrases.xcdatamodel; sourceTree = "<group>"; };
		37A677501A86018700893DFF /* ViewController.h */ = {isa = PBXFileReference; lastKnownFileType = sourcecode.c.h; path = ViewController.h; sourceTree = "<group>"; };
		37A677511A86018700893DFF /* ViewController.m */ = {isa = PBXFileReference; lastKnownFileType = sourcecode.c.objc; path = ViewController.m; sourceTree = "<group>"; };
		37A677541A86018700893DFF /* Base */ = {isa = PBXFileReference; lastKnownFileType = file.storyboard; name = Base; path = Base.lproj/Main.storyboard; sourceTree = "<group>"; };
		37A677561A86018700893DFF /* Images.xcassets */ = {isa = PBXFileReference; lastKnownFileType = folder.assetcatalog; path = Images.xcassets; sourceTree = "<group>"; };
		37A677591A86018700893DFF /* Base */ = {isa = PBXFileReference; lastKnownFileType = file.xib; name = Base; path = Base.lproj/LaunchScreen.xib; sourceTree = "<group>"; };
		37A6775F1A86018700893DFF /* PhotoPhrasesTests.xctest */ = {isa = PBXFileReference; explicitFileType = wrapper.cfbundle; includeInIndex = 0; path = PhotoPhrasesTests.xctest; sourceTree = BUILT_PRODUCTS_DIR; };
		37A677641A86018700893DFF /* Info.plist */ = {isa = PBXFileReference; lastKnownFileType = text.plist.xml; path = Info.plist; sourceTree = "<group>"; };
		37A677651A86018700893DFF /* PhotoPhrasesTests.m */ = {isa = PBXFileReference; lastKnownFileType = sourcecode.c.objc; path = PhotoPhrasesTests.m; sourceTree = "<group>"; };
		37A6776F1A86027400893DFF /* WritePhraseViewController.h */ = {isa = PBXFileReference; fileEncoding = 4; lastKnownFileType = sourcecode.c.h; path = WritePhraseViewController.h; sourceTree = "<group>"; };
		37A677701A86027400893DFF /* WritePhraseViewController.m */ = {isa = PBXFileReference; fileEncoding = 4; lastKnownFileType = sourcecode.c.objc; path = WritePhraseViewController.m; sourceTree = "<group>"; };
		37EBB7461A86DE31009D3B36 /* AllChainsTableViewController.h */ = {isa = PBXFileReference; fileEncoding = 4; lastKnownFileType = sourcecode.c.h; path = AllChainsTableViewController.h; sourceTree = "<group>"; };
		37EBB7471A86DE31009D3B36 /* AllChainsTableViewController.m */ = {isa = PBXFileReference; fileEncoding = 4; lastKnownFileType = sourcecode.c.objc; path = AllChainsTableViewController.m; sourceTree = "<group>"; };
		37EBB7491A86E394009D3B36 /* ChainDetailTableViewController.h */ = {isa = PBXFileReference; fileEncoding = 4; lastKnownFileType = sourcecode.c.h; path = ChainDetailTableViewController.h; sourceTree = "<group>"; };
		37EBB74A1A86E394009D3B36 /* ChainDetailTableViewController.m */ = {isa = PBXFileReference; fileEncoding = 4; lastKnownFileType = sourcecode.c.objc; path = ChainDetailTableViewController.m; sourceTree = "<group>"; };
		37EBB74C1A86E61D009D3B36 /* PhotoTableViewCell.h */ = {isa = PBXFileReference; fileEncoding = 4; lastKnownFileType = sourcecode.c.h; path = PhotoTableViewCell.h; sourceTree = "<group>"; };
		37EBB74D1A86E61D009D3B36 /* PhotoTableViewCell.m */ = {isa = PBXFileReference; fileEncoding = 4; lastKnownFileType = sourcecode.c.objc; path = PhotoTableViewCell.m; sourceTree = "<group>"; };
		37EBB74F1A86F5A9009D3B36 /* F R A Z E.jpg */ = {isa = PBXFileReference; lastKnownFileType = image.jpeg; path = "F R A Z E.jpg"; sourceTree = "<group>"; };
		37EBB7501A86F5A9009D3B36 /* F-R-A-Z-E_clear.png */ = {isa = PBXFileReference; lastKnownFileType = image.png; path = "F-R-A-Z-E_clear.png"; sourceTree = "<group>"; };
		5D7E5F741A861F72001AF162 /* ParseFacebookUtils.framework */ = {isa = PBXFileReference; lastKnownFileType = wrapper.framework; path = ParseFacebookUtils.framework; sourceTree = "<group>"; };
/* End PBXFileReference section */

/* Begin PBXFrameworksBuildPhase section */
		37A677401A86018700893DFF /* Frameworks */ = {
			isa = PBXFrameworksBuildPhase;
			buildActionMask = 2147483647;
			files = (
				372183FD1A860FF8003DBFD4 /* Accounts.framework in Frameworks */,
				372183FE1A860FF8003DBFD4 /* AudioToolbox.framework in Frameworks */,
				372183FF1A860FF8003DBFD4 /* CFNetwork.framework in Frameworks */,
				372184001A860FF8003DBFD4 /* CoreGraphics.framework in Frameworks */,
				372184011A860FF8003DBFD4 /* CoreLocation.framework in Frameworks */,
				5D7E5F751A861F72001AF162 /* ParseFacebookUtils.framework in Frameworks */,
				372184021A860FF8003DBFD4 /* libsqlite3.dylib in Frameworks */,
				372184031A860FF8003DBFD4 /* libz.dylib in Frameworks */,
				372184041A860FF8003DBFD4 /* MobileCoreServices.framework in Frameworks */,
				372184051A860FF8003DBFD4 /* QuartzCore.framework in Frameworks */,
				372184061A860FF8003DBFD4 /* Security.framework in Frameworks */,
				372184071A860FF8003DBFD4 /* Social.framework in Frameworks */,
				372184081A860FF8003DBFD4 /* StoreKit.framework in Frameworks */,
				372184091A860FF8003DBFD4 /* SystemConfiguration.framework in Frameworks */,
				372183EF1A860F44003DBFD4 /* Bolts.framework in Frameworks */,
				372183ED1A860F38003DBFD4 /* Parse.framework in Frameworks */,
				372183EB1A860C0E003DBFD4 /* FacebookSDK.framework in Frameworks */,
			);
			runOnlyForDeploymentPostprocessing = 0;
		};
		37A6775C1A86018700893DFF /* Frameworks */ = {
			isa = PBXFrameworksBuildPhase;
			buildActionMask = 2147483647;
			files = (
			);
			runOnlyForDeploymentPostprocessing = 0;
		};
/* End PBXFrameworksBuildPhase section */

/* Begin PBXGroup section */
		3721840A1A86100F003DBFD4 /* Frameworks */ = {
			isa = PBXGroup;
			children = (
				5D7E5F741A861F72001AF162 /* ParseFacebookUtils.framework */,
				372183EA1A860C0E003DBFD4 /* FacebookSDK.framework */,
				372183EC1A860F38003DBFD4 /* Parse.framework */,
				372183EE1A860F44003DBFD4 /* Bolts.framework */,
				372183F01A860FF8003DBFD4 /* Accounts.framework */,
				372183F11A860FF8003DBFD4 /* AudioToolbox.framework */,
				372183F21A860FF8003DBFD4 /* CFNetwork.framework */,
				372183F31A860FF8003DBFD4 /* CoreGraphics.framework */,
				372183F41A860FF8003DBFD4 /* CoreLocation.framework */,
				372183F51A860FF8003DBFD4 /* libsqlite3.dylib */,
				372183F61A860FF8003DBFD4 /* libz.dylib */,
				372183F71A860FF8003DBFD4 /* MobileCoreServices.framework */,
				372183F81A860FF8003DBFD4 /* QuartzCore.framework */,
				372183F91A860FF8003DBFD4 /* Security.framework */,
				372183FA1A860FF8003DBFD4 /* Social.framework */,
				372183FB1A860FF8003DBFD4 /* StoreKit.framework */,
				372183FC1A860FF8003DBFD4 /* SystemConfiguration.framework */,
			);
			name = Frameworks;
			path = ..;
			sourceTree = "<group>";
		};
		37A6773A1A86018700893DFF = {
			isa = PBXGroup;
			children = (
				37A677451A86018700893DFF /* PhotoPhrases */,
				37A677621A86018700893DFF /* PhotoPhrasesTests */,
				37A677441A86018700893DFF /* Products */,
			);
			sourceTree = "<group>";
		};
		37A677441A86018700893DFF /* Products */ = {
			isa = PBXGroup;
			children = (
				37A677431A86018700893DFF /* PhotoPhrases.app */,
				37A6775F1A86018700893DFF /* PhotoPhrasesTests.xctest */,
			);
			name = Products;
			sourceTree = "<group>";
		};
		37A677451A86018700893DFF /* PhotoPhrases */ = {
			isa = PBXGroup;
			children = (
				37EBB74F1A86F5A9009D3B36 /* F R A Z E.jpg */,
				37EBB7501A86F5A9009D3B36 /* F-R-A-Z-E_clear.png */,
				37A677531A86018700893DFF /* Main.storyboard */,
				3721840B1A86916E003DBFD4 /* MyChainInboxTableViewController.h */,
				3721840C1A86916E003DBFD4 /* MyChainInboxTableViewController.m */,
				37A6774A1A86018700893DFF /* AppDelegate.h */,
				37A6774B1A86018700893DFF /* AppDelegate.m */,
				37A677501A86018700893DFF /* ViewController.h */,
				37A677511A86018700893DFF /* ViewController.m */,
				37A6776F1A86027400893DFF /* WritePhraseViewController.h */,
				37A677701A86027400893DFF /* WritePhraseViewController.m */,
				3721840E1A869996003DBFD4 /* PhrasePreviewController.h */,
				3721840F1A869996003DBFD4 /* PhrasePreviewController.m */,
				372184111A8699AC003DBFD4 /* PhotoPreviewController.h */,
				372184121A8699AC003DBFD4 /* PhotoPreviewController.m */,
				37EBB7461A86DE31009D3B36 /* AllChainsTableViewController.h */,
				37EBB7471A86DE31009D3B36 /* AllChainsTableViewController.m */,
				37EBB7491A86E394009D3B36 /* ChainDetailTableViewController.h */,
				37EBB74A1A86E394009D3B36 /* ChainDetailTableViewController.m */,
				37EBB74C1A86E61D009D3B36 /* PhotoTableViewCell.h */,
				37EBB74D1A86E61D009D3B36 /* PhotoTableViewCell.m */,
				37A677561A86018700893DFF /* Images.xcassets */,
				37A677581A86018700893DFF /* LaunchScreen.xib */,
				37A6774D1A86018700893DFF /* PhotoPhrases.xcdatamodeld */,
				3721840A1A86100F003DBFD4 /* Frameworks */,
				37A677461A86018700893DFF /* Supporting Files */,
			);
			path = PhotoPhrases;
			sourceTree = "<group>";
		};
		37A677461A86018700893DFF /* Supporting Files */ = {
			isa = PBXGroup;
			children = (
				37A677471A86018700893DFF /* Info.plist */,
				37A677481A86018700893DFF /* main.m */,
			);
			name = "Supporting Files";
			sourceTree = "<group>";
		};
		37A677621A86018700893DFF /* PhotoPhrasesTests */ = {
			isa = PBXGroup;
			children = (
				37A677651A86018700893DFF /* PhotoPhrasesTests.m */,
				37A677631A86018700893DFF /* Supporting Files */,
			);
			path = PhotoPhrasesTests;
			sourceTree = "<group>";
		};
		37A677631A86018700893DFF /* Supporting Files */ = {
			isa = PBXGroup;
			children = (
				37A677641A86018700893DFF /* Info.plist */,
			);
			name = "Supporting Files";
			sourceTree = "<group>";
		};
/* End PBXGroup section */

/* Begin PBXNativeTarget section */
		37A677421A86018700893DFF /* PhotoPhrases */ = {
			isa = PBXNativeTarget;
			buildConfigurationList = 37A677691A86018700893DFF /* Build configuration list for PBXNativeTarget "PhotoPhrases" */;
			buildPhases = (
				37A6773F1A86018700893DFF /* Sources */,
				37A677401A86018700893DFF /* Frameworks */,
				37A677411A86018700893DFF /* Resources */,
			);
			buildRules = (
			);
			dependencies = (
			);
			name = PhotoPhrases;
			productName = PhotoPhrases;
			productReference = 37A677431A86018700893DFF /* PhotoPhrases.app */;
			productType = "com.apple.product-type.application";
		};
		37A6775E1A86018700893DFF /* PhotoPhrasesTests */ = {
			isa = PBXNativeTarget;
			buildConfigurationList = 37A6776C1A86018700893DFF /* Build configuration list for PBXNativeTarget "PhotoPhrasesTests" */;
			buildPhases = (
				37A6775B1A86018700893DFF /* Sources */,
				37A6775C1A86018700893DFF /* Frameworks */,
				37A6775D1A86018700893DFF /* Resources */,
			);
			buildRules = (
			);
			dependencies = (
				37A677611A86018700893DFF /* PBXTargetDependency */,
			);
			name = PhotoPhrasesTests;
			productName = PhotoPhrasesTests;
			productReference = 37A6775F1A86018700893DFF /* PhotoPhrasesTests.xctest */;
			productType = "com.apple.product-type.bundle.unit-test";
		};
/* End PBXNativeTarget section */

/* Begin PBXProject section */
		37A6773B1A86018700893DFF /* Project object */ = {
			isa = PBXProject;
			attributes = {
				LastUpgradeCheck = 0610;
				ORGANIZATIONNAME = "Greg Cheong";
				TargetAttributes = {
					37A677421A86018700893DFF = {
						CreatedOnToolsVersion = 6.1.1;
						DevelopmentTeam = DT5MS48M6X;
					};
					37A6775E1A86018700893DFF = {
						CreatedOnToolsVersion = 6.1.1;
						TestTargetID = 37A677421A86018700893DFF;
					};
				};
			};
			buildConfigurationList = 37A6773E1A86018700893DFF /* Build configuration list for PBXProject "PhotoPhrases" */;
			compatibilityVersion = "Xcode 3.2";
			developmentRegion = English;
			hasScannedForEncodings = 0;
			knownRegions = (
				en,
				Base,
			);
			mainGroup = 37A6773A1A86018700893DFF;
			productRefGroup = 37A677441A86018700893DFF /* Products */;
			projectDirPath = "";
			projectRoot = "";
			targets = (
				37A677421A86018700893DFF /* PhotoPhrases */,
				37A6775E1A86018700893DFF /* PhotoPhrasesTests */,
			);
		};
/* End PBXProject section */

/* Begin PBXResourcesBuildPhase section */
		37A677411A86018700893DFF /* Resources */ = {
			isa = PBXResourcesBuildPhase;
			buildActionMask = 2147483647;
			files = (
				37EBB7511A86F5A9009D3B36 /* F R A Z E.jpg in Resources */,
				37A677551A86018700893DFF /* Main.storyboard in Resources */,
				37EBB7521A86F5A9009D3B36 /* F-R-A-Z-E_clear.png in Resources */,
				37A6775A1A86018700893DFF /* LaunchScreen.xib in Resources */,
				37A677571A86018700893DFF /* Images.xcassets in Resources */,
			);
			runOnlyForDeploymentPostprocessing = 0;
		};
		37A6775D1A86018700893DFF /* Resources */ = {
			isa = PBXResourcesBuildPhase;
			buildActionMask = 2147483647;
			files = (
			);
			runOnlyForDeploymentPostprocessing = 0;
		};
/* End PBXResourcesBuildPhase section */

/* Begin PBXSourcesBuildPhase section */
		37A6773F1A86018700893DFF /* Sources */ = {
			isa = PBXSourcesBuildPhase;
			buildActionMask = 2147483647;
			files = (
				37A6774F1A86018700893DFF /* PhotoPhrases.xcdatamodeld in Sources */,
				37A677711A86027400893DFF /* WritePhraseViewController.m in Sources */,
				3721840D1A86916E003DBFD4 /* MyChainInboxTableViewController.m in Sources */,
				37EBB74E1A86E61D009D3B36 /* PhotoTableViewCell.m in Sources */,
				372184131A8699AC003DBFD4 /* PhotoPreviewController.m in Sources */,
				37A6774C1A86018700893DFF /* AppDelegate.m in Sources */,
				372184101A869996003DBFD4 /* PhrasePreviewController.m in Sources */,
				37EBB7481A86DE31009D3B36 /* AllChainsTableViewController.m in Sources */,
				37A677521A86018700893DFF /* ViewController.m in Sources */,
				37EBB74B1A86E394009D3B36 /* ChainDetailTableViewController.m in Sources */,
				37A677491A86018700893DFF /* main.m in Sources */,
			);
			runOnlyForDeploymentPostprocessing = 0;
		};
		37A6775B1A86018700893DFF /* Sources */ = {
			isa = PBXSourcesBuildPhase;
			buildActionMask = 2147483647;
			files = (
				37A677661A86018700893DFF /* PhotoPhrasesTests.m in Sources */,
			);
			runOnlyForDeploymentPostprocessing = 0;
		};
/* End PBXSourcesBuildPhase section */

/* Begin PBXTargetDependency section */
		37A677611A86018700893DFF /* PBXTargetDependency */ = {
			isa = PBXTargetDependency;
			target = 37A677421A86018700893DFF /* PhotoPhrases */;
			targetProxy = 37A677601A86018700893DFF /* PBXContainerItemProxy */;
		};
/* End PBXTargetDependency section */

/* Begin PBXVariantGroup section */
		37A677531A86018700893DFF /* Main.storyboard */ = {
			isa = PBXVariantGroup;
			children = (
				37A677541A86018700893DFF /* Base */,
			);
			name = Main.storyboard;
			sourceTree = "<group>";
		};
		37A677581A86018700893DFF /* LaunchScreen.xib */ = {
			isa = PBXVariantGroup;
			children = (
				37A677591A86018700893DFF /* Base */,
			);
			name = LaunchScreen.xib;
			sourceTree = "<group>";
		};
/* End PBXVariantGroup section */

/* Begin XCBuildConfiguration section */
		37A677671A86018700893DFF /* Debug */ = {
			isa = XCBuildConfiguration;
			buildSettings = {
				ALWAYS_SEARCH_USER_PATHS = NO;
				CLANG_CXX_LANGUAGE_STANDARD = "gnu++0x";
				CLANG_CXX_LIBRARY = "libc++";
				CLANG_ENABLE_MODULES = YES;
				CLANG_ENABLE_OBJC_ARC = YES;
				CLANG_WARN_BOOL_CONVERSION = YES;
				CLANG_WARN_CONSTANT_CONVERSION = YES;
				CLANG_WARN_DIRECT_OBJC_ISA_USAGE = YES_ERROR;
				CLANG_WARN_EMPTY_BODY = YES;
				CLANG_WARN_ENUM_CONVERSION = YES;
				CLANG_WARN_INT_CONVERSION = YES;
				CLANG_WARN_OBJC_ROOT_CLASS = YES_ERROR;
				CLANG_WARN_UNREACHABLE_CODE = YES;
				CLANG_WARN__DUPLICATE_METHOD_MATCH = YES;
				CODE_SIGN_IDENTITY = "iPhone Distribution: James Wilsterman";
				"CODE_SIGN_IDENTITY[sdk=iphoneos*]" = "iPhone Distribution: James Wilsterman";
				COPY_PHASE_STRIP = NO;
				ENABLE_STRICT_OBJC_MSGSEND = YES;
				GCC_C_LANGUAGE_STANDARD = gnu99;
				GCC_DYNAMIC_NO_PIC = NO;
				GCC_OPTIMIZATION_LEVEL = 0;
				GCC_PREPROCESSOR_DEFINITIONS = (
					"DEBUG=1",
					"$(inherited)",
				);
				GCC_SYMBOLS_PRIVATE_EXTERN = NO;
				GCC_WARN_64_TO_32_BIT_CONVERSION = YES;
				GCC_WARN_ABOUT_RETURN_TYPE = YES_ERROR;
				GCC_WARN_UNDECLARED_SELECTOR = YES;
				GCC_WARN_UNINITIALIZED_AUTOS = YES_AGGRESSIVE;
				GCC_WARN_UNUSED_FUNCTION = YES;
				GCC_WARN_UNUSED_VARIABLE = YES;
				IPHONEOS_DEPLOYMENT_TARGET = 8.1;
				MTL_ENABLE_DEBUG_INFO = YES;
				ONLY_ACTIVE_ARCH = YES;
				SDKROOT = iphoneos;
			};
			name = Debug;
		};
		37A677681A86018700893DFF /* Release */ = {
			isa = XCBuildConfiguration;
			buildSettings = {
				ALWAYS_SEARCH_USER_PATHS = NO;
				CLANG_CXX_LANGUAGE_STANDARD = "gnu++0x";
				CLANG_CXX_LIBRARY = "libc++";
				CLANG_ENABLE_MODULES = YES;
				CLANG_ENABLE_OBJC_ARC = YES;
				CLANG_WARN_BOOL_CONVERSION = YES;
				CLANG_WARN_CONSTANT_CONVERSION = YES;
				CLANG_WARN_DIRECT_OBJC_ISA_USAGE = YES_ERROR;
				CLANG_WARN_EMPTY_BODY = YES;
				CLANG_WARN_ENUM_CONVERSION = YES;
				CLANG_WARN_INT_CONVERSION = YES;
				CLANG_WARN_OBJC_ROOT_CLASS = YES_ERROR;
				CLANG_WARN_UNREACHABLE_CODE = YES;
				CLANG_WARN__DUPLICATE_METHOD_MATCH = YES;
				CODE_SIGN_IDENTITY = "iPhone Distribution: James Wilsterman";
				"CODE_SIGN_IDENTITY[sdk=iphoneos*]" = "iPhone Distribution: James Wilsterman";
				COPY_PHASE_STRIP = YES;
				ENABLE_NS_ASSERTIONS = NO;
				ENABLE_STRICT_OBJC_MSGSEND = YES;
				GCC_C_LANGUAGE_STANDARD = gnu99;
				GCC_WARN_64_TO_32_BIT_CONVERSION = YES;
				GCC_WARN_ABOUT_RETURN_TYPE = YES_ERROR;
				GCC_WARN_UNDECLARED_SELECTOR = YES;
				GCC_WARN_UNINITIALIZED_AUTOS = YES_AGGRESSIVE;
				GCC_WARN_UNUSED_FUNCTION = YES;
				GCC_WARN_UNUSED_VARIABLE = YES;
				IPHONEOS_DEPLOYMENT_TARGET = 8.1;
				MTL_ENABLE_DEBUG_INFO = NO;
				SDKROOT = iphoneos;
				VALIDATE_PRODUCT = YES;
			};
			name = Release;
		};
		37A6776A1A86018700893DFF /* Debug */ = {
			isa = XCBuildConfiguration;
			buildSettings = {
				ASSETCATALOG_COMPILER_APPICON_NAME = AppIcon;
				CODE_SIGN_IDENTITY = "iPhone Distribution: James Wilsterman";
				"CODE_SIGN_IDENTITY[sdk=iphoneos*]" = "iPhone Distribution: James Wilsterman";
				FRAMEWORK_SEARCH_PATHS = (
					"$(inherited)",
					"$(PROJECT_DIR)/PhotoPhrases",
					"$(PROJECT_DIR)",
				);
				INFOPLIST_FILE = PhotoPhrases/Info.plist;
				LD_RUNPATH_SEARCH_PATHS = "$(inherited) @executable_path/Frameworks";
				PRODUCT_NAME = "$(TARGET_NAME)";
				PROVISIONING_PROFILE = "";
			};
			name = Debug;
		};
		37A6776B1A86018700893DFF /* Release */ = {
			isa = XCBuildConfiguration;
			buildSettings = {
				ASSETCATALOG_COMPILER_APPICON_NAME = AppIcon;
				CODE_SIGN_IDENTITY = "iPhone Distribution: James Wilsterman";
				"CODE_SIGN_IDENTITY[sdk=iphoneos*]" = "iPhone Distribution: James Wilsterman";
				FRAMEWORK_SEARCH_PATHS = (
					"$(inherited)",
					"$(PROJECT_DIR)/PhotoPhrases",
					"$(PROJECT_DIR)",
				);
				INFOPLIST_FILE = PhotoPhrases/Info.plist;
				LD_RUNPATH_SEARCH_PATHS = "$(inherited) @executable_path/Frameworks";
				PRODUCT_NAME = "$(TARGET_NAME)";
				PROVISIONING_PROFILE = "";
			};
			name = Release;
		};
		37A6776D1A86018700893DFF /* Debug */ = {
			isa = XCBuildConfiguration;
			buildSettings = {
				BUNDLE_LOADER = "$(TEST_HOST)";
				FRAMEWORK_SEARCH_PATHS = (
					"$(SDKROOT)/Developer/Library/Frameworks",
					"$(inherited)",
				);
				GCC_PREPROCESSOR_DEFINITIONS = (
					"DEBUG=1",
					"$(inherited)",
				);
				INFOPLIST_FILE = PhotoPhrasesTests/Info.plist;
				LD_RUNPATH_SEARCH_PATHS = "$(inherited) @executable_path/Frameworks @loader_path/Frameworks";
				PRODUCT_NAME = "$(TARGET_NAME)";
				TEST_HOST = "$(BUILT_PRODUCTS_DIR)/PhotoPhrases.app/PhotoPhrases";
			};
			name = Debug;
		};
		37A6776E1A86018700893DFF /* Release */ = {
			isa = XCBuildConfiguration;
			buildSettings = {
				BUNDLE_LOADER = "$(TEST_HOST)";
				FRAMEWORK_SEARCH_PATHS = (
					"$(SDKROOT)/Developer/Library/Frameworks",
					"$(inherited)",
				);
				INFOPLIST_FILE = PhotoPhrasesTests/Info.plist;
				LD_RUNPATH_SEARCH_PATHS = "$(inherited) @executable_path/Frameworks @loader_path/Frameworks";
				PRODUCT_NAME = "$(TARGET_NAME)";
				TEST_HOST = "$(BUILT_PRODUCTS_DIR)/PhotoPhrases.app/PhotoPhrases";
			};
			name = Release;
		};
/* End XCBuildConfiguration section */

/* Begin XCConfigurationList section */
		37A6773E1A86018700893DFF /* Build configuration list for PBXProject "PhotoPhrases" */ = {
			isa = XCConfigurationList;
			buildConfigurations = (
				37A677671A86018700893DFF /* Debug */,
				37A677681A86018700893DFF /* Release */,
			);
			defaultConfigurationIsVisible = 0;
			defaultConfigurationName = Release;
		};
		37A677691A86018700893DFF /* Build configuration list for PBXNativeTarget "PhotoPhrases" */ = {
			isa = XCConfigurationList;
			buildConfigurations = (
				37A6776A1A86018700893DFF /* Debug */,
				37A6776B1A86018700893DFF /* Release */,
			);
			defaultConfigurationIsVisible = 0;
			defaultConfigurationName = Release;
		};
		37A6776C1A86018700893DFF /* Build configuration list for PBXNativeTarget "PhotoPhrasesTests" */ = {
			isa = XCConfigurationList;
			buildConfigurations = (
				37A6776D1A86018700893DFF /* Debug */,
				37A6776E1A86018700893DFF /* Release */,
			);
			defaultConfigurationIsVisible = 0;
			defaultConfigurationName = Release;
		};
/* End XCConfigurationList section */

/* Begin XCVersionGroup section */
		37A6774D1A86018700893DFF /* PhotoPhrases.xcdatamodeld */ = {
			isa = XCVersionGroup;
			children = (
				37A6774E1A86018700893DFF /* PhotoPhrases.xcdatamodel */,
			);
			currentVersion = 37A6774E1A86018700893DFF /* PhotoPhrases.xcdatamodel */;
			path = PhotoPhrases.xcdatamodeld;
			sourceTree = "<group>";
			versionGroupType = wrapper.xcdatamodel;
		};
/* End XCVersionGroup section */
	};
	rootObject = 37A6773B1A86018700893DFF /* Project object */;
}
